
Microsoft Visual Studio Solution File, Format Version 12.00
# Visual Studio Version 16
VisualStudioVersion = 16.0.30804.86
MinimumVisualStudioVersion = 10.0.40219.1
Project("{FAE04EC0-301F-11D3-BF4B-00C04F79EFBC}") = "Game1", "Game1\Game1.csproj", "{A7FEB031-BD43-4C4E-B849-286B43BD32F1}"
EndProject
Global
	GlobalSection(SolutionConfigurationPlatforms) = preSolution
		Debug|Any CPU = Debug|Any CPU
		Release|Any CPU = Release|Any CPU
	EndGlobalSection
	GlobalSection(ProjectConfigurationPlatforms) = postSolution
		{A7FEB031-BD43-4C4E-B849-286B43BD32F1}.Debug|Any CPU.ActiveCfg = Debug|Any CPU
		{A7FEB031-BD43-4C4E-B849-286B43BD32F1}.Debug|Any CPU.Build.0 = Debug|Any CPU
		{A7FEB031-BD43-4C4E-B849-286B43BD32F1}.Release|Any CPU.ActiveCfg = Release|Any CPU
		{A7FEB031-BD43-4C4E-B849-286B43BD32F1}.Release|Any CPU.Build.0 = Release|Any CPU
	EndGlobalSection
	GlobalSection(SolutionProperties) = preSolution
		HideSolutionNode = FALSE
	EndGlobalSection
	GlobalSection(ExtensibilityGlobals) = postSolution
		SolutionGuid = {4298BA59-0F9A-49D5-B329-ACF0A58ED6CD}
	EndGlobalSection
EndGlobal
